Microsoft Visual Studio Solution File, Format Version 12.00
# Visual Studio Version 17
VisualStudioVersion = 17.5.2.0
MinimumVisualStudioVersion = 10.0.40219.1
Project("{FAE04EC0-301F-11D3-BF4B-00C04F79EFBC}") = "Gamekit.Posix", "csharp\Gamekit.Posix.csproj", "{2D92C138-B2CC-54E9-AC89-ADC0B47D20E2}"
EndProject
Project("{FAE04EC0-301F-11D3-BF4B-00C04F79EFBC}") = "Gamekit.Win64", "csharp\Gamekit.Win64.csproj", "{57A3F641-674D-20D7-8CB2-484EB8A5426F}"
EndProject
Project("{2150E333-8FDC-42A3-9474-1A3956D46DE8}") = "csharp", "csharp", "{B41BF331-FCCB-2ADF-CDB6-767964B34647}"
EndProject
Project("{FAE04EC0-301F-11D3-BF4B-00C04F79EFBC}") = "GamekitTests.Posix", "csharp\tests\GamekitTests.Posix.csproj", "{E3320D13-95BD-5B4F-4DC9-3CF143F00362}"
EndProject
Project("{FAE04EC0-301F-11D3-BF4B-00C04F79EFBC}") = "GamekitTests.Win64", "csharp\tests\GamekitTests.Win64.csproj", "{2758F0B8-3F9F-FD9C-870F-CE68C12F4EDC}"
EndProject
Global
	GlobalSection(SolutionConfigurationPlatforms) = preSolution
		Debug|Any CPU = Debug|Any CPU
		Release|Any CPU = Release|Any CPU
	EndGlobalSection
	GlobalSection(ProjectConfigurationPlatforms) = postSolution
		{2D92C138-B2CC-54E9-AC89-ADC0B47D20E2}.Debug|Any CPU.ActiveCfg = Debug|Any CPU
		{2D92C138-B2CC-54E9-AC89-ADC0B47D20E2}.Debug|Any CPU.Build.0 = Debug|Any CPU
		{2D92C138-B2CC-54E9-AC89-ADC0B47D20E2}.Release|Any CPU.ActiveCfg = Release|Any CPU
		{2D92C138-B2CC-54E9-AC89-ADC0B47D20E2}.Release|Any CPU.Build.0 = Release|Any CPU
		{57A3F641-674D-20D7-8CB2-484EB8A5426F}.Debug|Any CPU.ActiveCfg = Debug|Any CPU
		{57A3F641-674D-20D7-8CB2-484EB8A5426F}.Debug|Any CPU.Build.0 = Debug|Any CPU
		{57A3F641-674D-20D7-8CB2-484EB8A5426F}.Release|Any CPU.ActiveCfg = Release|Any CPU
		{57A3F641-674D-20D7-8CB2-484EB8A5426F}.Release|Any CPU.Build.0 = Release|Any CPU
		{E3320D13-95BD-5B4F-4DC9-3CF143F00362}.Debug|Any CPU.ActiveCfg = Debug|Any CPU
		{E3320D13-95BD-5B4F-4DC9-3CF143F00362}.Debug|Any CPU.Build.0 = Debug|Any CPU
		{E3320D13-95BD-5B4F-4DC9-3CF143F00362}.Release|Any CPU.ActiveCfg = Release|Any CPU
		{E3320D13-95BD-5B4F-4DC9-3CF143F00362}.Release|Any CPU.Build.0 = Release|Any CPU
		{2758F0B8-3F9F-FD9C-870F-CE68C12F4EDC}.Debug|Any CPU.ActiveCfg = Debug|Any CPU
		{2758F0B8-3F9F-FD9C-870F-CE68C12F4EDC}.Debug|Any CPU.Build.0 = Debug|Any CPU
		{2758F0B8-3F9F-FD9C-870F-CE68C12F4EDC}.Release|Any CPU.ActiveCfg = Release|Any CPU
		{2758F0B8-3F9F-FD9C-870F-CE68C12F4EDC}.Release|Any CPU.Build.0 = Release|Any CPU
	EndGlobalSection
	GlobalSection(SolutionProperties) = preSolution
		HideSolutionNode = FALSE
	EndGlobalSection
	GlobalSection(NestedProjects) = preSolution
		{E3320D13-95BD-5B4F-4DC9-3CF143F00362} = {B41BF331-FCCB-2ADF-CDB6-767964B34647}
		{2758F0B8-3F9F-FD9C-870F-CE68C12F4EDC} = {B41BF331-FCCB-2ADF-CDB6-767964B34647}
	EndGlobalSection
	GlobalSection(ExtensibilityGlobals) = postSolution
		SolutionGuid = {390B6BD8-919C-4F91-BFB5-63F1A8212715}
	EndGlobalSection
EndGlobal
